
Microsoft Visual Studio Solution File, Format Version 12.00
# Visual Studio 2013
VisualStudioVersion = 12.0.21005.1
MinimumVisualStudioVersion = 10.0.40219.1
Project("{FAE04EC0-301F-11D3-BF4B-00C04F79EFBC}") = "BlahguaAndroid", "BlahguaAndroid\BlahguaAndroid.csproj", "{BE0D4993-B841-42DA-9006-B3729A7A3C5E}"
EndProject
Project("{FAE04EC0-301F-11D3-BF4B-00C04F79EFBC}") = "BlahguaIOS", "BlahguaIOS\BlahguaIOS.csproj", "{A9B4FC27-A8B1-4A88-B06E-A3C82197C5F4}"
EndProject
Project("{FAE04EC0-301F-11D3-BF4B-00C04F79EFBC}") = "BlahguaWinStore", "BlahguaWinStore\BlahguaWinStore.csproj", "{588E6866-2B27-4B67-B678-33DEB17C9BA3}"
EndProject
Project("{FAE04EC0-301F-11D3-BF4B-00C04F79EFBC}") = "BlahguaWP8", "BlahguaWP8\BlahguaWP8.csproj", "{E154B347-3ADB-4B32-B0D5-4F5954BA9520}"
EndProject
Project("{FAE04EC0-301F-11D3-BF4B-00C04F79EFBC}") = "BlahguaWP7", "BlahguaWP7\BlahguaWP7.csproj", "{4563F98A-43B1-4D6A-969B-6B3ACA8718DA}"
EndProject
Global
	GlobalSection(SolutionConfigurationPlatforms) = preSolution
		Ad-Hoc|Any CPU = Ad-Hoc|Any CPU
		Ad-Hoc|ARM = Ad-Hoc|ARM
		Ad-Hoc|iPhone = Ad-Hoc|iPhone
		Ad-Hoc|iPhoneSimulator = Ad-Hoc|iPhoneSimulator
		Ad-Hoc|Mixed Platforms = Ad-Hoc|Mixed Platforms
		Ad-Hoc|x64 = Ad-Hoc|x64
		Ad-Hoc|x86 = Ad-Hoc|x86
		AppStore|Any CPU = AppStore|Any CPU
		AppStore|ARM = AppStore|ARM
		AppStore|iPhone = AppStore|iPhone
		AppStore|iPhoneSimulator = AppStore|iPhoneSimulator
		AppStore|Mixed Platforms = AppStore|Mixed Platforms
		AppStore|x64 = AppStore|x64
		AppStore|x86 = AppStore|x86
		Debug|Any CPU = Debug|Any CPU
		Debug|ARM = Debug|ARM
		Debug|iPhone = Debug|iPhone
		Debug|iPhoneSimulator = Debug|iPhoneSimulator
		Debug|Mixed Platforms = Debug|Mixed Platforms
		Debug|x64 = Debug|x64
		Debug|x86 = Debug|x86
		Release|Any CPU = Release|Any CPU
		Release|ARM = Release|ARM
		Release|iPhone = Release|iPhone
		Release|iPhoneSimulator = Release|iPhoneSimulator
		Release|Mixed Platforms = Release|Mixed Platforms
		Release|x64 = Release|x64
		Release|x86 = Release|x86
	EndGlobalSection
	GlobalSection(ProjectConfigurationPlatforms) = postSolution
		{4563F98A-43B1-4D6A-969B-6B3ACA8718DA}.Ad-Hoc|Any CPU.ActiveCfg = Release|Any CPU
		{4563F98A-43B1-4D6A-969B-6B3ACA8718DA}.Ad-Hoc|Any CPU.Build.0 = Release|Any CPU
		{4563F98A-43B1-4D6A-969B-6B3ACA8718DA}.Ad-Hoc|Any CPU.Deploy.0 = Release|Any CPU
		{4563F98A-43B1-4D6A-969B-6B3ACA8718DA}.Ad-Hoc|ARM.ActiveCfg = Release|Any CPU
		{4563F98A-43B1-4D6A-969B-6B3ACA8718DA}.Ad-Hoc|iPhone.ActiveCfg = Release|Any CPU
		{4563F98A-43B1-4D6A-969B-6B3ACA8718DA}.Ad-Hoc|iPhoneSimulator.ActiveCfg = Release|Any CPU
		{4563F98A-43B1-4D6A-969B-6B3ACA8718DA}.Ad-Hoc|Mixed Platforms.ActiveCfg = Release|Any CPU
		{4563F98A-43B1-4D6A-969B-6B3ACA8718DA}.Ad-Hoc|Mixed Platforms.Build.0 = Release|Any CPU
		{4563F98A-43B1-4D6A-969B-6B3ACA8718DA}.Ad-Hoc|Mixed Platforms.Deploy.0 = Release|Any CPU
		{4563F98A-43B1-4D6A-969B-6B3ACA8718DA}.Ad-Hoc|x64.ActiveCfg = Release|Any CPU
		{4563F98A-43B1-4D6A-969B-6B3ACA8718DA}.Ad-Hoc|x86.ActiveCfg = Release|Any CPU
		{4563F98A-43B1-4D6A-969B-6B3ACA8718DA}.AppStore|Any CPU.ActiveCfg = Release|Any CPU
		{4563F98A-43B1-4D6A-969B-6B3ACA8718DA}.AppStore|Any CPU.Build.0 = Release|Any CPU
		{4563F98A-43B1-4D6A-969B-6B3ACA8718DA}.AppStore|Any CPU.Deploy.0 = Release|Any CPU
		{4563F98A-43B1-4D6A-969B-6B3ACA8718DA}.AppStore|ARM.ActiveCfg = Release|Any CPU
		{4563F98A-43B1-4D6A-969B-6B3ACA8718DA}.AppStore|iPhone.ActiveCfg = Release|Any CPU
		{4563F98A-43B1-4D6A-969B-6B3ACA8718DA}.AppStore|iPhoneSimulator.ActiveCfg = Release|Any CPU
		{4563F98A-43B1-4D6A-969B-6B3ACA8718DA}.AppStore|Mixed Platforms.ActiveCfg = Release|Any CPU
		{4563F98A-43B1-4D6A-969B-6B3ACA8718DA}.AppStore|Mixed Platforms.Build.0 = Release|Any CPU
		{4563F98A-43B1-4D6A-969B-6B3ACA8718DA}.AppStore|Mixed Platforms.Deploy.0 = Release|Any CPU
		{4563F98A-43B1-4D6A-969B-6B3ACA8718DA}.AppStore|x64.ActiveCfg = Release|Any CPU
		{4563F98A-43B1-4D6A-969B-6B3ACA8718DA}.AppStore|x86.ActiveCfg = Release|Any CPU
		{4563F98A-43B1-4D6A-969B-6B3ACA8718DA}.Debug|Any CPU.ActiveCfg = Debug|Any CPU
		{4563F98A-43B1-4D6A-969B-6B3ACA8718DA}.Debug|Any CPU.Build.0 = Debug|Any CPU
		{4563F98A-43B1-4D6A-969B-6B3ACA8718DA}.Debug|Any CPU.Deploy.0 = Debug|Any CPU
		{4563F98A-43B1-4D6A-969B-6B3ACA8718DA}.Debug|ARM.ActiveCfg = Debug|Any CPU
		{4563F98A-43B1-4D6A-969B-6B3ACA8718DA}.Debug|iPhone.ActiveCfg = Debug|Any CPU
		{4563F98A-43B1-4D6A-969B-6B3ACA8718DA}.Debug|iPhoneSimulator.ActiveCfg = Debug|Any CPU
		{4563F98A-43B1-4D6A-969B-6B3ACA8718DA}.Debug|Mixed Platforms.ActiveCfg = Debug|Any CPU
		{4563F98A-43B1-4D6A-969B-6B3ACA8718DA}.Debug|Mixed Platforms.Build.0 = Debug|Any CPU
		{4563F98A-43B1-4D6A-969B-6B3ACA8718DA}.Debug|Mixed Platforms.Deploy.0 = Debug|Any CPU
		{4563F98A-43B1-4D6A-969B-6B3ACA8718DA}.Debug|x64.ActiveCfg = Debug|Any CPU
		{4563F98A-43B1-4D6A-969B-6B3ACA8718DA}.Debug|x86.ActiveCfg = Debug|Any CPU
		{4563F98A-43B1-4D6A-969B-6B3ACA8718DA}.Release|Any CPU.ActiveCfg = Release|Any CPU
		{4563F98A-43B1-4D6A-969B-6B3ACA8718DA}.Release|Any CPU.Build.0 = Release|Any CPU
		{4563F98A-43B1-4D6A-969B-6B3ACA8718DA}.Release|Any CPU.Deploy.0 = Release|Any CPU
		{4563F98A-43B1-4D6A-969B-6B3ACA8718DA}.Release|ARM.ActiveCfg = Release|Any CPU
		{4563F98A-43B1-4D6A-969B-6B3ACA8718DA}.Release|iPhone.ActiveCfg = Release|Any CPU
		{4563F98A-43B1-4D6A-969B-6B3ACA8718DA}.Release|iPhoneSimulator.ActiveCfg = Release|Any CPU
		{4563F98A-43B1-4D6A-969B-6B3ACA8718DA}.Release|Mixed Platforms.ActiveCfg = Release|Any CPU
		{4563F98A-43B1-4D6A-969B-6B3ACA8718DA}.Release|Mixed Platforms.Build.0 = Release|Any CPU
		{4563F98A-43B1-4D6A-969B-6B3ACA8718DA}.Release|Mixed Platforms.Deploy.0 = Release|Any CPU
		{4563F98A-43B1-4D6A-969B-6B3ACA8718DA}.Release|x64.ActiveCfg = Release|Any CPU
		{4563F98A-43B1-4D6A-969B-6B3ACA8718DA}.Release|x86.ActiveCfg = Release|Any CPU
		{588E6866-2B27-4B67-B678-33DEB17C9BA3}.Ad-Hoc|Any CPU.ActiveCfg = Release|Any CPU
		{588E6866-2B27-4B67-B678-33DEB17C9BA3}.Ad-Hoc|Any CPU.Build.0 = Release|Any CPU
		{588E6866-2B27-4B67-B678-33DEB17C9BA3}.Ad-Hoc|Any CPU.Deploy.0 = Release|Any CPU
		{588E6866-2B27-4B67-B678-33DEB17C9BA3}.Ad-Hoc|ARM.ActiveCfg = Release|ARM
		{588E6866-2B27-4B67-B678-33DEB17C9BA3}.Ad-Hoc|ARM.Build.0 = Release|ARM
		{588E6866-2B27-4B67-B678-33DEB17C9BA3}.Ad-Hoc|ARM.Deploy.0 = Release|ARM
		{588E6866-2B27-4B67-B678-33DEB17C9BA3}.Ad-Hoc|iPhone.ActiveCfg = Release|Any CPU
		{588E6866-2B27-4B67-B678-33DEB17C9BA3}.Ad-Hoc|iPhoneSimulator.ActiveCfg = Release|Any CPU
		{588E6866-2B27-4B67-B678-33DEB17C9BA3}.Ad-Hoc|Mixed Platforms.ActiveCfg = Release|x86
		{588E6866-2B27-4B67-B678-33DEB17C9BA3}.Ad-Hoc|Mixed Platforms.Build.0 = Release|x86
		{588E6866-2B27-4B67-B678-33DEB17C9BA3}.Ad-Hoc|Mixed Platforms.Deploy.0 = Release|x86
		{588E6866-2B27-4B67-B678-33DEB17C9BA3}.Ad-Hoc|x64.ActiveCfg = Release|x64
		{588E6866-2B27-4B67-B678-33DEB17C9BA3}.Ad-Hoc|x64.Build.0 = Release|x64
		{588E6866-2B27-4B67-B678-33DEB17C9BA3}.Ad-Hoc|x64.Deploy.0 = Release|x64
		{588E6866-2B27-4B67-B678-33DEB17C9BA3}.Ad-Hoc|x86.ActiveCfg = Release|x86
		{588E6866-2B27-4B67-B678-33DEB17C9BA3}.Ad-Hoc|x86.Build.0 = Release|x86
		{588E6866-2B27-4B67-B678-33DEB17C9BA3}.Ad-Hoc|x86.Deploy.0 = Release|x86
		{588E6866-2B27-4B67-B678-33DEB17C9BA3}.AppStore|Any CPU.ActiveCfg = Release|Any CPU
		{588E6866-2B27-4B67-B678-33DEB17C9BA3}.AppStore|Any CPU.Build.0 = Release|Any CPU
		{588E6866-2B27-4B67-B678-33DEB17C9BA3}.AppStore|Any CPU.Deploy.0 = Release|Any CPU
		{588E6866-2B27-4B67-B678-33DEB17C9BA3}.AppStore|ARM.ActiveCfg = Release|ARM
		{588E6866-2B27-4B67-B678-33DEB17C9BA3}.AppStore|ARM.Build.0 = Release|ARM
		{588E6866-2B27-4B67-B678-33DEB17C9BA3}.AppStore|ARM.Deploy.0 = Release|ARM
		{588E6866-2B27-4B67-B678-33DEB17C9BA3}.AppStore|iPhone.ActiveCfg = Release|Any CPU
		{588E6866-2B27-4B67-B678-33DEB17C9BA3}.AppStore|iPhoneSimulator.ActiveCfg = Release|Any CPU
		{588E6866-2B27-4B67-B678-33DEB17C9BA3}.AppStore|Mixed Platforms.ActiveCfg = Release|x86
		{588E6866-2B27-4B67-B678-33DEB17C9BA3}.AppStore|Mixed Platforms.Build.0 = Release|x86
		{588E6866-2B27-4B67-B678-33DEB17C9BA3}.AppStore|Mixed Platforms.Deploy.0 = Release|x86
		{588E6866-2B27-4B67-B678-33DEB17C9BA3}.AppStore|x64.ActiveCfg = Release|x64
		{588E6866-2B27-4B67-B678-33DEB17C9BA3}.AppStore|x64.Build.0 = Release|x64
		{588E6866-2B27-4B67-B678-33DEB17C9BA3}.AppStore|x64.Deploy.0 = Release|x64
		{588E6866-2B27-4B67-B678-33DEB17C9BA3}.AppStore|x86.ActiveCfg = Release|x86
		{588E6866-2B27-4B67-B678-33DEB17C9BA3}.AppStore|x86.Build.0 = Release|x86
		{588E6866-2B27-4B67-B678-33DEB17C9BA3}.AppStore|x86.Deploy.0 = Release|x86
		{588E6866-2B27-4B67-B678-33DEB17C9BA3}.Debug|Any CPU.ActiveCfg = Debug|Any CPU
		{588E6866-2B27-4B67-B678-33DEB17C9BA3}.Debug|Any CPU.Build.0 = Debug|Any CPU
		{588E6866-2B27-4B67-B678-33DEB17C9BA3}.Debug|Any CPU.Deploy.0 = Debug|Any CPU
		{588E6866-2B27-4B67-B678-33DEB17C9BA3}.Debug|ARM.ActiveCfg = Debug|ARM
		{588E6866-2B27-4B67-B678-33DEB17C9BA3}.Debug|ARM.Build.0 = Debug|ARM
		{588E6866-2B27-4B67-B678-33DEB17C9BA3}.Debug|ARM.Deploy.0 = Debug|ARM
		{588E6866-2B27-4B67-B678-33DEB17C9BA3}.Debug|iPhone.ActiveCfg = Debug|Any CPU
		{588E6866-2B27-4B67-B678-33DEB17C9BA3}.Debug|iPhoneSimulator.ActiveCfg = Debug|Any CPU
		{588E6866-2B27-4B67-B678-33DEB17C9BA3}.Debug|Mixed Platforms.ActiveCfg = Debug|x86
		{588E6866-2B27-4B67-B678-33DEB17C9BA3}.Debug|Mixed Platforms.Build.0 = Debug|x86
		{588E6866-2B27-4B67-B678-33DEB17C9BA3}.Debug|Mixed Platforms.Deploy.0 = Debug|x86
		{588E6866-2B27-4B67-B678-33DEB17C9BA3}.Debug|x64.ActiveCfg = Debug|x64
		{588E6866-2B27-4B67-B678-33DEB17C9BA3}.Debug|x64.Build.0 = Debug|x64
		{588E6866-2B27-4B67-B678-33DEB17C9BA3}.Debug|x64.Deploy.0 = Debug|x64
		{588E6866-2B27-4B67-B678-33DEB17C9BA3}.Debug|x86.ActiveCfg = Debug|x86
		{588E6866-2B27-4B67-B678-33DEB17C9BA3}.Debug|x86.Build.0 = Debug|x86
		{588E6866-2B27-4B67-B678-33DEB17C9BA3}.Debug|x86.Deploy.0 = Debug|x86
		{588E6866-2B27-4B67-B678-33DEB17C9BA3}.Release|Any CPU.ActiveCfg = Release|Any CPU
		{588E6866-2B27-4B67-B678-33DEB17C9BA3}.Release|Any CPU.Build.0 = Release|Any CPU
		{588E6866-2B27-4B67-B678-33DEB17C9BA3}.Release|Any CPU.Deploy.0 = Release|Any CPU
		{588E6866-2B27-4B67-B678-33DEB17C9BA3}.Release|ARM.ActiveCfg = Release|ARM
		{588E6866-2B27-4B67-B678-33DEB17C9BA3}.Release|ARM.Build.0 = Release|ARM
		{588E6866-2B27-4B67-B678-33DEB17C9BA3}.Release|ARM.Deploy.0 = Release|ARM
		{588E6866-2B27-4B67-B678-33DEB17C9BA3}.Release|iPhone.ActiveCfg = Release|Any CPU
		{588E6866-2B27-4B67-B678-33DEB17C9BA3}.Release|iPhoneSimulator.ActiveCfg = Release|Any CPU
		{588E6866-2B27-4B67-B678-33DEB17C9BA3}.Release|Mixed Platforms.ActiveCfg = Release|Any CPU
		{588E6866-2B27-4B67-B678-33DEB17C9BA3}.Release|Mixed Platforms.Build.0 = Release|Any CPU
		{588E6866-2B27-4B67-B678-33DEB17C9BA3}.Release|Mixed Platforms.Deploy.0 = Release|Any CPU
		{588E6866-2B27-4B67-B678-33DEB17C9BA3}.Release|x64.ActiveCfg = Release|x64
		{588E6866-2B27-4B67-B678-33DEB17C9BA3}.Release|x64.Build.0 = Release|x64
		{588E6866-2B27-4B67-B678-33DEB17C9BA3}.Release|x64.Deploy.0 = Release|x64
		{588E6866-2B27-4B67-B678-33DEB17C9BA3}.Release|x86.ActiveCfg = Release|x86
		{588E6866-2B27-4B67-B678-33DEB17C9BA3}.Release|x86.Build.0 = Release|x86
		{588E6866-2B27-4B67-B678-33DEB17C9BA3}.Release|x86.Deploy.0 = Release|x86
		{A9B4FC27-A8B1-4A88-B06E-A3C82197C5F4}.Ad-Hoc|Any CPU.ActiveCfg = Ad-Hoc|iPhone
		{A9B4FC27-A8B1-4A88-B06E-A3C82197C5F4}.Ad-Hoc|ARM.ActiveCfg = Ad-Hoc|iPhoneSimulator
		{A9B4FC27-A8B1-4A88-B06E-A3C82197C5F4}.Ad-Hoc|iPhone.ActiveCfg = Ad-Hoc|iPhone
		{A9B4FC27-A8B1-4A88-B06E-A3C82197C5F4}.Ad-Hoc|iPhone.Build.0 = Ad-Hoc|iPhone
		{A9B4FC27-A8B1-4A88-B06E-A3C82197C5F4}.Ad-Hoc|iPhoneSimulator.ActiveCfg = Ad-Hoc|iPhoneSimulator
		{A9B4FC27-A8B1-4A88-B06E-A3C82197C5F4}.Ad-Hoc|iPhoneSimulator.Build.0 = Ad-Hoc|iPhoneSimulator
		{A9B4FC27-A8B1-4A88-B06E-A3C82197C5F4}.Ad-Hoc|Mixed Platforms.ActiveCfg = Ad-Hoc|iPhone
		{A9B4FC27-A8B1-4A88-B06E-A3C82197C5F4}.Ad-Hoc|Mixed Platforms.Build.0 = Ad-Hoc|iPhone
		{A9B4FC27-A8B1-4A88-B06E-A3C82197C5F4}.Ad-Hoc|x64.ActiveCfg = Ad-Hoc|iPhoneSimulator
		{A9B4FC27-A8B1-4A88-B06E-A3C82197C5F4}.Ad-Hoc|x86.ActiveCfg = Ad-Hoc|iPhoneSimulator
		{A9B4FC27-A8B1-4A88-B06E-A3C82197C5F4}.AppStore|Any CPU.ActiveCfg = AppStore|iPhone
		{A9B4FC27-A8B1-4A88-B06E-A3C82197C5F4}.AppStore|ARM.ActiveCfg = AppStore|iPhoneSimulator
		{A9B4FC27-A8B1-4A88-B06E-A3C82197C5F4}.AppStore|iPhone.ActiveCfg = AppStore|iPhone
		{A9B4FC27-A8B1-4A88-B06E-A3C82197C5F4}.AppStore|iPhone.Build.0 = AppStore|iPhone
		{A9B4FC27-A8B1-4A88-B06E-A3C82197C5F4}.AppStore|iPhoneSimulator.ActiveCfg = AppStore|iPhoneSimulator
		{A9B4FC27-A8B1-4A88-B06E-A3C82197C5F4}.AppStore|iPhoneSimulator.Build.0 = AppStore|iPhoneSimulator
		{A9B4FC27-A8B1-4A88-B06E-A3C82197C5F4}.AppStore|Mixed Platforms.ActiveCfg = AppStore|iPhone
		{A9B4FC27-A8B1-4A88-B06E-A3C82197C5F4}.AppStore|Mixed Platforms.Build.0 = AppStore|iPhone
		{A9B4FC27-A8B1-4A88-B06E-A3C82197C5F4}.AppStore|x64.ActiveCfg = AppStore|iPhoneSimulator
		{A9B4FC27-A8B1-4A88-B06E-A3C82197C5F4}.AppStore|x86.ActiveCfg = AppStore|iPhoneSimulator
		{A9B4FC27-A8B1-4A88-B06E-A3C82197C5F4}.Debug|Any CPU.ActiveCfg = Debug|iPhone
		{A9B4FC27-A8B1-4A88-B06E-A3C82197C5F4}.Debug|ARM.ActiveCfg = Debug|iPhoneSimulator
		{A9B4FC27-A8B1-4A88-B06E-A3C82197C5F4}.Debug|iPhone.ActiveCfg = Debug|iPhone
		{A9B4FC27-A8B1-4A88-B06E-A3C82197C5F4}.Debug|iPhone.Build.0 = Debug|iPhone
		{A9B4FC27-A8B1-4A88-B06E-A3C82197C5F4}.Debug|iPhoneSimulator.ActiveCfg = Debug|iPhoneSimulator
		{A9B4FC27-A8B1-4A88-B06E-A3C82197C5F4}.Debug|iPhoneSimulator.Build.0 = Debug|iPhoneSimulator
		{A9B4FC27-A8B1-4A88-B06E-A3C82197C5F4}.Debug|Mixed Platforms.ActiveCfg = Debug|iPhone
		{A9B4FC27-A8B1-4A88-B06E-A3C82197C5F4}.Debug|Mixed Platforms.Build.0 = Debug|iPhone
		{A9B4FC27-A8B1-4A88-B06E-A3C82197C5F4}.Debug|x64.ActiveCfg = Debug|iPhoneSimulator
		{A9B4FC27-A8B1-4A88-B06E-A3C82197C5F4}.Debug|x86.ActiveCfg = Debug|iPhoneSimulator
		{A9B4FC27-A8B1-4A88-B06E-A3C82197C5F4}.Release|Any CPU.ActiveCfg = Release|iPhone
		{A9B4FC27-A8B1-4A88-B06E-A3C82197C5F4}.Release|ARM.ActiveCfg = Release|iPhoneSimulator
		{A9B4FC27-A8B1-4A88-B06E-A3C82197C5F4}.Release|iPhone.ActiveCfg = Release|iPhone
		{A9B4FC27-A8B1-4A88-B06E-A3C82197C5F4}.Release|iPhone.Build.0 = Release|iPhone
		{A9B4FC27-A8B1-4A88-B06E-A3C82197C5F4}.Release|iPhoneSimulator.ActiveCfg = Release|iPhoneSimulator
		{A9B4FC27-A8B1-4A88-B06E-A3C82197C5F4}.Release|iPhoneSimulator.Build.0 = Release|iPhoneSimulator
		{A9B4FC27-A8B1-4A88-B06E-A3C82197C5F4}.Release|Mixed Platforms.ActiveCfg = Release|iPhone
		{A9B4FC27-A8B1-4A88-B06E-A3C82197C5F4}.Release|Mixed Platforms.Build.0 = Release|iPhone
		{A9B4FC27-A8B1-4A88-B06E-A3C82197C5F4}.Release|x64.ActiveCfg = Release|iPhoneSimulator
		{A9B4FC27-A8B1-4A88-B06E-A3C82197C5F4}.Release|x86.ActiveCfg = Release|iPhoneSimulator
		{BE0D4993-B841-42DA-9006-B3729A7A3C5E}.Ad-Hoc|Any CPU.ActiveCfg = Release|Any CPU
		{BE0D4993-B841-42DA-9006-B3729A7A3C5E}.Ad-Hoc|Any CPU.Build.0 = Release|Any CPU
		{BE0D4993-B841-42DA-9006-B3729A7A3C5E}.Ad-Hoc|Any CPU.Deploy.0 = Release|Any CPU
		{BE0D4993-B841-42DA-9006-B3729A7A3C5E}.Ad-Hoc|ARM.ActiveCfg = Debug|Any CPU
		{BE0D4993-B841-42DA-9006-B3729A7A3C5E}.Ad-Hoc|iPhone.ActiveCfg = Release|Any CPU
		{BE0D4993-B841-42DA-9006-B3729A7A3C5E}.Ad-Hoc|iPhoneSimulator.ActiveCfg = Release|Any CPU
		{BE0D4993-B841-42DA-9006-B3729A7A3C5E}.Ad-Hoc|Mixed Platforms.ActiveCfg = Release|Any CPU
		{BE0D4993-B841-42DA-9006-B3729A7A3C5E}.Ad-Hoc|Mixed Platforms.Build.0 = Release|Any CPU
		{BE0D4993-B841-42DA-9006-B3729A7A3C5E}.Ad-Hoc|Mixed Platforms.Deploy.0 = Release|Any CPU
		{BE0D4993-B841-42DA-9006-B3729A7A3C5E}.Ad-Hoc|x64.ActiveCfg = Debug|Any CPU
		{BE0D4993-B841-42DA-9006-B3729A7A3C5E}.Ad-Hoc|x86.ActiveCfg = Debug|Any CPU
		{BE0D4993-B841-42DA-9006-B3729A7A3C5E}.AppStore|Any CPU.ActiveCfg = Release|Any CPU
		{BE0D4993-B841-42DA-9006-B3729A7A3C5E}.AppStore|Any CPU.Build.0 = Release|Any CPU
		{BE0D4993-B841-42DA-9006-B3729A7A3C5E}.AppStore|Any CPU.Deploy.0 = Release|Any CPU
		{BE0D4993-B841-42DA-9006-B3729A7A3C5E}.AppStore|ARM.ActiveCfg = Debug|Any CPU
		{BE0D4993-B841-42DA-9006-B3729A7A3C5E}.AppStore|iPhone.ActiveCfg = Release|Any CPU
		{BE0D4993-B841-42DA-9006-B3729A7A3C5E}.AppStore|iPhoneSimulator.ActiveCfg = Release|Any CPU
		{BE0D4993-B841-42DA-9006-B3729A7A3C5E}.AppStore|Mixed Platforms.ActiveCfg = Release|Any CPU
		{BE0D4993-B841-42DA-9006-B3729A7A3C5E}.AppStore|Mixed Platforms.Build.0 = Release|Any CPU
		{BE0D4993-B841-42DA-9006-B3729A7A3C5E}.AppStore|Mixed Platforms.Deploy.0 = Release|Any CPU
		{BE0D4993-B841-42DA-9006-B3729A7A3C5E}.AppStore|x64.ActiveCfg = Debug|Any CPU
		{BE0D4993-B841-42DA-9006-B3729A7A3C5E}.AppStore|x86.ActiveCfg = Debug|Any CPU
		{BE0D4993-B841-42DA-9006-B3729A7A3C5E}.Debug|Any CPU.ActiveCfg = Debug|Any CPU
		{BE0D4993-B841-42DA-9006-B3729A7A3C5E}.Debug|Any CPU.Build.0 = Debug|Any CPU
		{BE0D4993-B841-42DA-9006-B3729A7A3C5E}.Debug|ARM.ActiveCfg = Debug|Any CPU
		{BE0D4993-B841-42DA-9006-B3729A7A3C5E}.Debug|iPhone.ActiveCfg = Debug|Any CPU
		{BE0D4993-B841-42DA-9006-B3729A7A3C5E}.Debug|iPhoneSimulator.ActiveCfg = Debug|Any CPU
		{BE0D4993-B841-42DA-9006-B3729A7A3C5E}.Debug|Mixed Platforms.ActiveCfg = Debug|Any CPU
		{BE0D4993-B841-42DA-9006-B3729A7A3C5E}.Debug|Mixed Platforms.Build.0 = Debug|Any CPU
		{BE0D4993-B841-42DA-9006-B3729A7A3C5E}.Debug|Mixed Platforms.Deploy.0 = Debug|Any CPU
		{BE0D4993-B841-42DA-9006-B3729A7A3C5E}.Debug|x64.ActiveCfg = Debug|Any CPU
		{BE0D4993-B841-42DA-9006-B3729A7A3C5E}.Debug|x86.ActiveCfg = Debug|Any CPU
		{BE0D4993-B841-42DA-9006-B3729A7A3C5E}.Release|Any CPU.ActiveCfg = Release|Any CPU
		{BE0D4993-B841-42DA-9006-B3729A7A3C5E}.Release|Any CPU.Build.0 = Release|Any CPU
		{BE0D4993-B841-42DA-9006-B3729A7A3C5E}.Release|ARM.ActiveCfg = Release|Any CPU
		{BE0D4993-B841-42DA-9006-B3729A7A3C5E}.Release|iPhone.ActiveCfg = Release|Any CPU
		{BE0D4993-B841-42DA-9006-B3729A7A3C5E}.Release|iPhoneSimulator.ActiveCfg = Release|Any CPU
		{BE0D4993-B841-42DA-9006-B3729A7A3C5E}.Release|Mixed Platforms.ActiveCfg = Release|Any CPU
		{BE0D4993-B841-42DA-9006-B3729A7A3C5E}.Release|Mixed Platforms.Build.0 = Release|Any CPU
		{BE0D4993-B841-42DA-9006-B3729A7A3C5E}.Release|Mixed Platforms.Deploy.0 = Release|Any CPU
		{BE0D4993-B841-42DA-9006-B3729A7A3C5E}.Release|x64.ActiveCfg = Release|Any CPU
		{BE0D4993-B841-42DA-9006-B3729A7A3C5E}.Release|x86.ActiveCfg = Release|Any CPU
		{E154B347-3ADB-4B32-B0D5-4F5954BA9520}.Ad-Hoc|Any CPU.ActiveCfg = Release|Any CPU
		{E154B347-3ADB-4B32-B0D5-4F5954BA9520}.Ad-Hoc|Any CPU.Build.0 = Release|Any CPU
		{E154B347-3ADB-4B32-B0D5-4F5954BA9520}.Ad-Hoc|Any CPU.Deploy.0 = Release|Any CPU
		{E154B347-3ADB-4B32-B0D5-4F5954BA9520}.Ad-Hoc|ARM.ActiveCfg = Release|ARM
		{E154B347-3ADB-4B32-B0D5-4F5954BA9520}.Ad-Hoc|ARM.Build.0 = Release|ARM
		{E154B347-3ADB-4B32-B0D5-4F5954BA9520}.Ad-Hoc|ARM.Deploy.0 = Release|ARM
		{E154B347-3ADB-4B32-B0D5-4F5954BA9520}.Ad-Hoc|iPhone.ActiveCfg = Release|Any CPU
		{E154B347-3ADB-4B32-B0D5-4F5954BA9520}.Ad-Hoc|iPhoneSimulator.ActiveCfg = Release|Any CPU
		{E154B347-3ADB-4B32-B0D5-4F5954BA9520}.Ad-Hoc|Mixed Platforms.ActiveCfg = Release|x86
		{E154B347-3ADB-4B32-B0D5-4F5954BA9520}.Ad-Hoc|Mixed Platforms.Build.0 = Release|x86
		{E154B347-3ADB-4B32-B0D5-4F5954BA9520}.Ad-Hoc|Mixed Platforms.Deploy.0 = Release|x86
		{E154B347-3ADB-4B32-B0D5-4F5954BA9520}.Ad-Hoc|x64.ActiveCfg = Release|Any CPU
		{E154B347-3ADB-4B32-B0D5-4F5954BA9520}.Ad-Hoc|x86.ActiveCfg = Release|x86
		{E154B347-3ADB-4B32-B0D5-4F5954BA9520}.Ad-Hoc|x86.Build.0 = Release|x86
		{E154B347-3ADB-4B32-B0D5-4F5954BA9520}.Ad-Hoc|x86.Deploy.0 = Release|x86
		{E154B347-3ADB-4B32-B0D5-4F5954BA9520}.AppStore|Any CPU.ActiveCfg = Release|Any CPU
		{E154B347-3ADB-4B32-B0D5-4F5954BA9520}.AppStore|Any CPU.Build.0 = Release|Any CPU
		{E154B347-3ADB-4B32-B0D5-4F5954BA9520}.AppStore|Any CPU.Deploy.0 = Release|Any CPU
		{E154B347-3ADB-4B32-B0D5-4F5954BA9520}.AppStore|ARM.ActiveCfg = Release|ARM
		{E154B347-3ADB-4B32-B0D5-4F5954BA9520}.AppStore|ARM.Build.0 = Release|ARM
		{E154B347-3ADB-4B32-B0D5-4F5954BA9520}.AppStore|ARM.Deploy.0 = Release|ARM
		{E154B347-3ADB-4B32-B0D5-4F5954BA9520}.AppStore|iPhone.ActiveCfg = Release|Any CPU
		{E154B347-3ADB-4B32-B0D5-4F5954BA9520}.AppStore|iPhoneSimulator.ActiveCfg = Release|Any CPU
		{E154B347-3ADB-4B32-B0D5-4F5954BA9520}.AppStore|Mixed Platforms.ActiveCfg = Release|x86
		{E154B347-3ADB-4B32-B0D5-4F5954BA9520}.AppStore|Mixed Platforms.Build.0 = Release|x86
		{E154B347-3ADB-4B32-B0D5-4F5954BA9520}.AppStore|Mixed Platforms.Deploy.0 = Release|x86
		{E154B347-3ADB-4B32-B0D5-4F5954BA9520}.AppStore|x64.ActiveCfg = Release|Any CPU
		{E154B347-3ADB-4B32-B0D5-4F5954BA9520}.AppStore|x86.ActiveCfg = Release|x86
		{E154B347-3ADB-4B32-B0D5-4F5954BA9520}.AppStore|x86.Build.0 = Release|x86
		{E154B347-3ADB-4B32-B0D5-4F5954BA9520}.AppStore|x86.Deploy.0 = Release|x86
		{E154B347-3ADB-4B32-B0D5-4F5954BA9520}.Debug|Any CPU.ActiveCfg = Debug|Any CPU
		{E154B347-3ADB-4B32-B0D5-4F5954BA9520}.Debug|Any CPU.Build.0 = Debug|Any CPU
		{E154B347-3ADB-4B32-B0D5-4F5954BA9520}.Debug|Any CPU.Deploy.0 = Debug|Any CPU
		{E154B347-3ADB-4B32-B0D5-4F5954BA9520}.Debug|ARM.ActiveCfg = Debug|ARM
		{E154B347-3ADB-4B32-B0D5-4F5954BA9520}.Debug|ARM.Build.0 = Debug|ARM
		{E154B347-3ADB-4B32-B0D5-4F5954BA9520}.Debug|ARM.Deploy.0 = Debug|ARM
		{E154B347-3ADB-4B32-B0D5-4F5954BA9520}.Debug|iPhone.ActiveCfg = Debug|Any CPU
		{E154B347-3ADB-4B32-B0D5-4F5954BA9520}.Debug|iPhoneSimulator.ActiveCfg = Debug|Any CPU
		{E154B347-3ADB-4B32-B0D5-4F5954BA9520}.Debug|Mixed Platforms.ActiveCfg = Debug|Any CPU
		{E154B347-3ADB-4B32-B0D5-4F5954BA9520}.Debug|Mixed Platforms.Build.0 = Debug|Any CPU
		{E154B347-3ADB-4B32-B0D5-4F5954BA9520}.Debug|Mixed Platforms.Deploy.0 = Debug|Any CPU
		{E154B347-3ADB-4B32-B0D5-4F5954BA9520}.Debug|x64.ActiveCfg = Debug|Any CPU
		{E154B347-3ADB-4B32-B0D5-4F5954BA9520}.Debug|x86.ActiveCfg = Debug|x86
		{E154B347-3ADB-4B32-B0D5-4F5954BA9520}.Debug|x86.Build.0 = Debug|x86
		{E154B347-3ADB-4B32-B0D5-4F5954BA9520}.Debug|x86.Deploy.0 = Debug|x86
		{E154B347-3ADB-4B32-B0D5-4F5954BA9520}.Release|Any CPU.ActiveCfg = Release|Any CPU
		{E154B347-3ADB-4B32-B0D5-4F5954BA9520}.Release|Any CPU.Build.0 = Release|Any CPU
		{E154B347-3ADB-4B32-B0D5-4F5954BA9520}.Release|Any CPU.Deploy.0 = Release|Any CPU
		{E154B347-3ADB-4B32-B0D5-4F5954BA9520}.Release|ARM.ActiveCfg = Release|ARM
		{E154B347-3ADB-4B32-B0D5-4F5954BA9520}.Release|ARM.Build.0 = Release|ARM
		{E154B347-3ADB-4B32-B0D5-4F5954BA9520}.Release|ARM.Deploy.0 = Release|ARM
		{E154B347-3ADB-4B32-B0D5-4F5954BA9520}.Release|iPhone.ActiveCfg = Release|Any CPU
		{E154B347-3ADB-4B32-B0D5-4F5954BA9520}.Release|iPhoneSimulator.ActiveCfg = Release|Any CPU
		{E154B347-3ADB-4B32-B0D5-4F5954BA9520}.Release|Mixed Platforms.ActiveCfg = Release|Any CPU
		{E154B347-3ADB-4B32-B0D5-4F5954BA9520}.Release|Mixed Platforms.Build.0 = Release|Any CPU
		{E154B347-3ADB-4B32-B0D5-4F5954BA9520}.Release|Mixed Platforms.Deploy.0 = Release|Any CPU
		{E154B347-3ADB-4B32-B0D5-4F5954BA9520}.Release|x64.ActiveCfg = Release|Any CPU
		{E154B347-3ADB-4B32-B0D5-4F5954BA9520}.Release|x86.ActiveCfg = Release|x86
		{E154B347-3ADB-4B32-B0D5-4F5954BA9520}.Release|x86.Build.0 = Release|x86
		{E154B347-3ADB-4B32-B0D5-4F5954BA9520}.Release|x86.Deploy.0 = Release|x86
	EndGlobalSection
	GlobalSection(MonoDevelopProperties) = preSolution
		StartupItem = BlahguaIOS\BlahguaIOS.csproj
	EndGlobalSection
	GlobalSection(SolutionProperties) = preSolution
		HideSolutionNode = FALSE
	EndGlobalSection
EndGlobal
